
Microsoft Visual Studio Solution File, Format Version 12.00
# Visual Studio Version 16
VisualStudioVersion = 16.0.31624.102
MinimumVisualStudioVersion = 10.0.40219.1
Project("{FAE04EC0-301F-11D3-BF4B-00C04F79EFBC}") = "EX1", "EX1\EX1.csproj", "{39E44820-B680-4ADF-9C2E-FABCEF7CF01E}"
EndProject
Global
	GlobalSection(SolutionConfigurationPlatforms) = preSolution
		Debug|Any CPU = Debug|Any CPU
		Release|Any CPU = Release|Any CPU
	EndGlobalSection
	GlobalSection(ProjectConfigurationPlatforms) = postSolution
		{39E44820-B680-4ADF-9C2E-FABCEF7CF01E}.Debug|Any CPU.ActiveCfg = Debug|Any CPU
		{39E44820-B680-4ADF-9C2E-FABCEF7CF01E}.Debug|Any CPU.Build.0 = Debug|Any CPU
		{39E44820-B680-4ADF-9C2E-FABCEF7CF01E}.Release|Any CPU.ActiveCfg = Release|Any CPU
		{39E44820-B680-4ADF-9C2E-FABCEF7CF01E}.Release|Any CPU.Build.0 = Release|Any CPU
	EndGlobalSection
	GlobalSection(SolutionProperties) = preSolution
		HideSolutionNode = FALSE
	EndGlobalSection
	GlobalSection(ExtensibilityGlobals) = postSolution
		SolutionGuid = {5E5B628E-7D22-4AE9-B879-7C1E85ACAA20}
	EndGlobalSection
EndGlobal
